// !$*UTF8*$!
{
	archiveVersion = 1;
	classes = {
	};
	objectVersion = 48;
	objects = {

/* Begin PBXBuildFile section */
		63F8FBC11FA93DA40074A078 /* AppDelegate.swift in Sources */ = {isa = PBXBuildFile; fileRef = 63F8FBC01FA93DA40074A078 /* AppDelegate.swift */; };
		63F8FBC31FA93DA40074A078 /* ViewController.swift in Sources */ = {isa = PBXBuildFile; fileRef = 63F8FBC21FA93DA40074A078 /* ViewController.swift */; };
		63F8FBC61FA93DA40074A078 /* Main.storyboard in Resources */ = {isa = PBXBuildFile; fileRef = 63F8FBC41FA93DA40074A078 /* Main.storyboard */; };
		63F8FBC81FA93DA40074A078 /* Assets.xcassets in Resources */ = {isa = PBXBuildFile; fileRef = 63F8FBC71FA93DA40074A078 /* Assets.xcassets */; };
		63F8FBCB1FA93DA40074A078 /* LaunchScreen.storyboard in Resources */ = {isa = PBXBuildFile; fileRef = 63F8FBC91FA93DA40074A078 /* LaunchScreen.storyboard */; };
		63F8FBD61FA93DA40074A078 /* AsuhTests.swift in Sources */ = {isa = PBXBuildFile; fileRef = 63F8FBD51FA93DA40074A078 /* AsuhTests.swift */; };
/* End PBXBuildFile section */

/* Begin PBXContainerItemProxy section */
		63F8FBD21FA93DA40074A078 /* PBXContainerItemProxy */ = {
			isa = PBXContainerItemProxy;
			containerPortal = 63F8FBB51FA93DA40074A078 /* Project object */;
			proxyType = 1;
			remoteGlobalIDString = 63F8FBBC1FA93DA40074A078;
			remoteInfo = Asuh;
		};
/* End PBXContainerItemProxy section */

/* Begin PBXFileReference section */
		63F8FBBD1FA93DA40074A078 /* Asuh.app */ = {isa = PBXFileReference; explicitFileType = wrapper.application; includeInIndex = 0; path = Asuh.app; sourceTree = BUILT_PRODUCTS_DIR; };
		63F8FBC01FA93DA40074A078 /* AppDelegate.swift */ = {isa = PBXFileReference; lastKnownFileType = sourcecode.swift; path = AppDelegate.swift; sourceTree = "<group>"; };
		63F8FBC21FA93DA40074A078 /* ViewController.swift */ = {isa = PBXFileReference; lastKnownFileType = sourcecode.swift; path = ViewController.swift; sourceTree = "<group>"; };
		63F8FBC51FA93DA40074A078 /* Base */ = {isa = PBXFileReference; lastKnownFileType = file.storyboard; name = Base; path = Base.lproj/Main.storyboard; sourceTree = "<group>"; };
		63F8FBC71FA93DA40074A078 /* Assets.xcassets */ = {isa = PBXFileReference; lastKnownFileType = folder.assetcatalog; path = Assets.xcassets; sourceTree = "<group>"; };
		63F8FBCA1FA93DA40074A078 /* Base */ = {isa = PBXFileReference; lastKnownFileType = file.storyboard; name = Base; path = Base.lproj/LaunchScreen.storyboard; sourceTree = "<group>"; };
		63F8FBCC1FA93DA40074A078 /* Info.plist */ = {isa = PBXFileReference; lastKnownFileType = text.plist.xml; path = Info.plist; sourceTree = "<group>"; };
		63F8FBD11FA93DA40074A078 /* AsuhTests.xctest */ = {isa = PBXFileReference; explicitFileType = wrapper.cfbundle; includeInIndex = 0; path = AsuhTests.xctest; sourceTree = BUILT_PRODUCTS_DIR; };
		63F8FBD51FA93DA40074A078 /* AsuhTests.swift */ = {isa = PBXFileReference; lastKnownFileType = sourcecode.swift; path = AsuhTests.swift; sourceTree = "<group>"; };
		63F8FBD71FA93DA40074A078 /* Info.plist */ = {isa = PBXFileReference; lastKnownFileType = text.plist.xml; path = Info.plist; sourceTree = "<group>"; };
/* End PBXFileReference section */

/* Begin PBXFrameworksBuildPhase section */
		63F8FBBA1FA93DA40074A078 /* Frameworks */ = {
			isa = PBXFrameworksBuildPhase;
			buildActionMask = 2147483647;
			files = (
			);
			runOnlyForDeploymentPostprocessing = 0;
		};
		63F8FBCE1FA93DA40074A078 /* Frameworks */ = {
			isa = PBXFrameworksBuildPhase;
			buildActionMask = 2147483647;
			files = (
			);
			runOnlyForDeploymentPostprocessing = 0;
		};
/* End PBXFrameworksBuildPhase section */

/* Begin PBXGroup section */
		63F8FBB41FA93DA40074A078 = {
			isa = PBXGroup;
			children = (
				63F8FBBF1FA93DA40074A078 /* Asuh */,
				63F8FBD41FA93DA40074A078 /* AsuhTests */,
				63F8FBBE1FA93DA40074A078 /* Products */,
			);
			sourceTree = "<group>";
		};
		63F8FBBE1FA93DA40074A078 /* Products */ = {
			isa = PBXGroup;
			children = (
				63F8FBBD1FA93DA40074A078 /* Asuh.app */,
				63F8FBD11FA93DA40074A078 /* AsuhTests.xctest */,
			);
			name = Products;
			sourceTree = "<group>";
		};
		63F8FBBF1FA93DA40074A078 /* Asuh */ = {
			isa = PBXGroup;
			children = (
				63F8FBC01FA93DA40074A078 /* AppDelegate.swift */,
				63F8FBC21FA93DA40074A078 /* ViewController.swift */,
				63F8FBC41FA93DA40074A078 /* Main.storyboard */,
				63F8FBC71FA93DA40074A078 /* Assets.xcassets */,
				63F8FBC91FA93DA40074A078 /* LaunchScreen.storyboard */,
				63F8FBCC1FA93DA40074A078 /* Info.plist */,
			);
			path = Asuh;
			sourceTree = "<group>";
		};
		63F8FBD41FA93DA40074A078 /* AsuhTests */ = {
			isa = PBXGroup;
			children = (
				63F8FBD51FA93DA40074A078 /* AsuhTests.swift */,
				63F8FBD71FA93DA40074A078 /* Info.plist */,
			);
			path = AsuhTests;
			sourceTree = "<group>";
		};
/* End PBXGroup section */

/* Begin PBXNativeTarget section */
		63F8FBBC1FA93DA40074A078 /* Asuh */ = {
			isa = PBXNativeTarget;
			buildConfigurationList = 63F8FBDA1FA93DA40074A078 /* Build configuration list for PBXNativeTarget "Asuh" */;
			buildPhases = (
				63F8FBB91FA93DA40074A078 /* Sources */,
				63F8FBBA1FA93DA40074A078 /* Frameworks */,
				63F8FBBB1FA93DA40074A078 /* Resources */,
			);
			buildRules = (
			);
			dependencies = (
			);
			name = Asuh;
			productName = Asuh;
			productReference = 63F8FBBD1FA93DA40074A078 /* Asuh.app */;
			productType = "com.apple.product-type.application";
		};
		63F8FBD01FA93DA40074A078 /* AsuhTests */ = {
			isa = PBXNativeTarget;
			buildConfigurationList = 63F8FBDD1FA93DA40074A078 /* Build configuration list for PBXNativeTarget "AsuhTests" */;
			buildPhases = (
				63F8FBCD1FA93DA40074A078 /* Sources */,
				63F8FBCE1FA93DA40074A078 /* Frameworks */,
				63F8FBCF1FA93DA40074A078 /* Resources */,
			);
			buildRules = (
			);
			dependencies = (
				63F8FBD31FA93DA40074A078 /* PBXTargetDependency */,
			);
			name = AsuhTests;
			productName = AsuhTests;
			productReference = 63F8FBD11FA93DA40074A078 /* AsuhTests.xctest */;
			productType = "com.apple.product-type.bundle.unit-test";
		};
/* End PBXNativeTarget section */

/* Begin PBXProject section */
		63F8FBB51FA93DA40074A078 /* Project object */ = {
			isa = PBXProject;
			attributes = {
				LastSwiftUpdateCheck = 0900;
				LastUpgradeCheck = 0900;
				TargetAttributes = {
					63F8FBBC1FA93DA40074A078 = {
						CreatedOnToolsVersion = 9.0;
						ProvisioningStyle = Automatic;
					};
					63F8FBD01FA93DA40074A078 = {
						CreatedOnToolsVersion = 9.0;
						ProvisioningStyle = Automatic;
						TestTargetID = 63F8FBBC1FA93DA40074A078;
					};
				};
			};
			buildConfigurationList = 63F8FBB81FA93DA40074A078 /* Build configuration list for PBXProject "Asuh" */;
			compatibilityVersion = "Xcode 8.0";
			developmentRegion = en;
			hasScannedForEncodings = 0;
			knownRegions = (
				en,
				Base,
			);
			mainGroup = 63F8FBB41FA93DA40074A078;
			productRefGroup = 63F8FBBE1FA93DA40074A078 /* Products */;
			projectDirPath = "";
			projectRoot = "";
			targets = (
				63F8FBBC1FA93DA40074A078 /* Asuh */,
				63F8FBD01FA93DA40074A078 /* AsuhTests */,
			);
		};
/* End PBXProject section */

/* Begin PBXResourcesBuildPhase section */
		63F8FBBB1FA93DA40074A078 /* Resources */ = {
			isa = PBXResourcesBuildPhase;
			buildActionMask = 2147483647;
			files = (
				63F8FBCB1FA93DA40074A078 /* LaunchScreen.storyboard in Resources */,
				63F8FBC81FA93DA40074A078 /* Assets.xcassets in Resources */,
				63F8FBC61FA93DA40074A078 /* Main.storyboard in Resources */,
			);
			runOnlyForDeploymentPostprocessing = 0;
		};
		63F8FBCF1FA93DA40074A078 /* Resources */ = {
			isa = PBXResourcesBuildPhase;
			buildActionMask = 2147483647;
			files = (
			);
			runOnlyForDeploymentPostprocessing = 0;
		};
/* End PBXResourcesBuildPhase section */

/* Begin PBXSourcesBuildPhase section */
		63F8FBB91FA93DA40074A078 /* Sources */ = {
			isa = PBXSourcesBuildPhase;
			buildActionMask = 2147483647;
			files = (
				63F8FBC31FA93DA40074A078 /* ViewController.swift in Sources */,
				63F8FBC11FA93DA40074A078 /* AppDelegate.swift in Sources */,
			);
			runOnlyForDeploymentPostprocessing = 0;
		};
		63F8FBCD1FA93DA40074A078 /* Sources */ = {
			isa = PBXSourcesBuildPhase;
			buildActionMask = 2147483647;
			files = (
				63F8FBD61FA93DA40074A078 /* AsuhTests.swift in Sources */,
			);
			runOnlyForDeploymentPostprocessing = 0;
		};
/* End PBXSourcesBuildPhase section */

/* Begin PBXTargetDependency section */
		63F8FBD31FA93DA40074A078 /* PBXTargetDependency */ = {
			isa = PBXTargetDependency;
			target = 63F8FBBC1FA93DA40074A078 /* Asuh */;
			targetProxy = 63F8FBD21FA93DA40074A078 /* PBXContainerItemProxy */;
		};
/* End PBXTargetDependency section */

/* Begin PBXVariantGroup section */
		63F8FBC41FA93DA40074A078 /* Main.storyboard */ = {
			isa = PBXVariantGroup;
			children = (
				63F8FBC51FA93DA40074A078 /* Base */,
			);
			name = Main.storyboard;
			sourceTree = "<group>";
		};
		63F8FBC91FA93DA40074A078 /* LaunchScreen.storyboard */ = {
			isa = PBXVariantGroup;
			children = (
				63F8FBCA1FA93DA40074A078 /* Base */,
			);
			name = LaunchScreen.storyboard;
			sourceTree = "<group>";
		};
/* End PBXVariantGroup section */

/* Begin XCBuildConfiguration section */
		63F8FBD81FA93DA40074A078 /* Debug */ = {
			isa = XCBuildConfiguration;
			buildSettings = {
				ALWAYS_SEARCH_USER_PATHS = NO;
				CLANG_ANALYZER_NONNULL = YES;
				CLANG_ANALYZER_NUMBER_OBJECT_CONVERSION = YES_AGGRESSIVE;
				CLANG_CXX_LANGUAGE_STANDARD = "gnu++14";
				CLANG_CXX_LIBRARY = "libc++";
				CLANG_ENABLE_MODULES = YES;
				CLANG_ENABLE_OBJC_ARC = YES;
				CLANG_WARN_BLOCK_CAPTURE_AUTORELEASING = YES;
				CLANG_WARN_BOOL_CONVERSION = YES;
				CLANG_WARN_COMMA = YES;
				CLANG_WARN_CONSTANT_CONVERSION = YES;
				CLANG_WARN_DIRECT_OBJC_ISA_USAGE = YES_ERROR;
				CLANG_WARN_DOCUMENTATION_COMMENTS = YES;
				CLANG_WARN_EMPTY_BODY = YES;
				CLANG_WARN_ENUM_CONVERSION = YES;
				CLANG_WARN_INFINITE_RECURSION = YES;
				CLANG_WARN_INT_CONVERSION = YES;
				CLANG_WARN_NON_LITERAL_NULL_CONVERSION = YES;
				CLANG_WARN_OBJC_LITERAL_CONVERSION = YES;
				CLANG_WARN_OBJC_ROOT_CLASS = YES_ERROR;
				CLANG_WARN_RANGE_LOOP_ANALYSIS = YES;
				CLANG_WARN_STRICT_PROTOTYPES = YES;
				CLANG_WARN_SUSPICIOUS_MOVE = YES;
				CLANG_WARN_UNGUARDED_AVAILABILITY = YES_AGGRESSIVE;
				CLANG_WARN_UNREACHABLE_CODE = YES;
				CLANG_WARN__DUPLICATE_METHOD_MATCH = YES;
				CODE_SIGN_IDENTITY = "iPhone Developer";
				COPY_PHASE_STRIP = NO;
				DEBUG_INFORMATION_FORMAT = dwarf;
				ENABLE_STRICT_OBJC_MSGSEND = YES;
				ENABLE_TESTABILITY = YES;
				GCC_C_LANGUAGE_STANDARD = gnu11;
				GCC_DYNAMIC_NO_PIC = NO;
				GCC_NO_COMMON_BLOCKS = YES;
				GCC_OPTIMIZATION_LEVEL = 0;
				GCC_PREPROCESSOR_DEFINITIONS = (
					"DEBUG=1",
					"$(inherited)",
				);
				GCC_WARN_64_TO_32_BIT_CONVERSION = YES;
				GCC_WARN_ABOUT_RETURN_TYPE = YES_ERROR;
				GCC_WARN_UNDECLARED_SELECTOR = YES;
				GCC_WARN_UNINITIALIZED_AUTOS = YES_AGGRESSIVE;
				GCC_WARN_UNUSED_FUNCTION = YES;
				GCC_WARN_UNUSED_VARIABLE = YES;
				IPHONEOS_DEPLOYMENT_TARGET = 11.0;
				MTL_ENABLE_DEBUG_INFO = YES;
				ONLY_ACTIVE_ARCH = YES;
				SDKROOT = iphoneos;
				SWIFT_ACTIVE_COMPILATION_CONDITIONS = DEBUG;
				SWIFT_OPTIMIZATION_LEVEL = "-Onone";
			};
			name = Debug;
		};
		63F8FBD91FA93DA40074A078 /* Release */ = {
			isa = XCBuildConfiguration;
			buildSettings = {
				ALWAYS_SEARCH_USER_PATHS = NO;
				CLANG_ANALYZER_NONNULL = YES;
				CLANG_ANALYZER_NUMBER_OBJECT_CONVERSION = YES_AGGRESSIVE;
				CLANG_CXX_LANGUAGE_STANDARD = "gnu++14";
				CLANG_CXX_LIBRARY = "libc++";
				CLANG_ENABLE_MODULES = YES;
				CLANG_ENABLE_OBJC_ARC = YES;
				CLANG_WARN_BLOCK_CAPTURE_AUTORELEASING = YES;
				CLANG_WARN_BOOL_CONVERSION = YES;
				CLANG_WARN_COMMA = YES;
				CLANG_WARN_CONSTANT_CONVERSION = YES;
				CLANG_WARN_DIRECT_OBJC_ISA_USAGE = YES_ERROR;
				CLANG_WARN_DOCUMENTATION_COMMENTS = YES;
				CLANG_WARN_EMPTY_BODY = YES;
				CLANG_WARN_ENUM_CONVERSION = YES;
				CLANG_WARN_INFINITE_RECURSION = YES;
				CLANG_WARN_INT_CONVERSION = YES;
				CLANG_WARN_NON_LITERAL_NULL_CONVERSION = YES;
				CLANG_WARN_OBJC_LITERAL_CONVERSION = YES;
				CLANG_WARN_OBJC_ROOT_CLASS = YES_ERROR;
				CLANG_WARN_RANGE_LOOP_ANALYSIS = YES;
				CLANG_WARN_STRICT_PROTOTYPES = YES;
				CLANG_WARN_SUSPICIOUS_MOVE = YES;
				CLANG_WARN_UNGUARDED_AVAILABILITY = YES_AGGRESSIVE;
				CLANG_WARN_UNREACHABLE_CODE = YES;
				CLANG_WARN__DUPLICATE_METHOD_MATCH = YES;
				CODE_SIGN_IDENTITY = "iPhone Developer";
				COPY_PHASE_STRIP = NO;
				DEBUG_INFORMATION_FORMAT = "dwarf-with-dsym";
				ENABLE_NS_ASSERTIONS = NO;
				ENABLE_STRICT_OBJC_MSGSEND = YES;
				GCC_C_LANGUAGE_STANDARD = gnu11;
				GCC_NO_COMMON_BLOCKS = YES;
				GCC_WARN_64_TO_32_BIT_CONVERSION = YES;
				GCC_WARN_ABOUT_RETURN_TYPE = YES_ERROR;
				GCC_WARN_UNDECLARED_SELECTOR = YES;
				GCC_WARN_UNINITIALIZED_AUTOS = YES_AGGRESSIVE;
				GCC_WARN_UNUSED_FUNCTION = YES;
				GCC_WARN_UNUSED_VARIABLE = YES;
				IPHONEOS_DEPLOYMENT_TARGET = 11.0;
				MTL_ENABLE_DEBUG_INFO = NO;
				SDKROOT = iphoneos;
				SWIFT_OPTIMIZATION_LEVEL = "-Owholemodule";
				VALIDATE_PRODUCT = YES;
			};
			name = Release;
		};
		63F8FBDB1FA93DA40074A078 /* Debug */ = {
			isa = XCBuildConfiguration;
			buildSettings = {
				ASSETCATALOG_COMPILER_APPICON_NAME = AppIcon;
				CODE_SIGN_STYLE = Automatic;
				INFOPLIST_FILE = Asuh/Info.plist;
				LD_RUNPATH_SEARCH_PATHS = "$(inherited) @executable_path/Frameworks";
				PRODUCT_BUNDLE_IDENTIFIER = com.asuh.Asuh;
				PRODUCT_NAME = "$(TARGET_NAME)";
				SWIFT_VERSION = 4.0;
				TARGETED_DEVICE_FAMILY = "1,2";
			};
			name = Debug;
		};
		63F8FBDC1FA93DA40074A078 /* Release */ = {
			isa = XCBuildConfiguration;
			buildSettings = {
				ASSETCATALOG_COMPILER_APPICON_NAME = AppIcon;
				CODE_SIGN_STYLE = Automatic;
				INFOPLIST_FILE = Asuh/Info.plist;
				LD_RUNPATH_SEARCH_PATHS = "$(inherited) @executable_path/Frameworks";
				PRODUCT_BUNDLE_IDENTIFIER = com.asuh.Asuh;
				PRODUCT_NAME = "$(TARGET_NAME)";
				SWIFT_VERSION = 4.0;
				TARGETED_DEVICE_FAMILY = "1,2";
			};
			name = Release;
		};
		63F8FBDE1FA93DA40074A078 /* Debug */ = {
			isa = XCBuildConfiguration;
			buildSettings = {
				ALWAYS_EMBED_SWIFT_STANDARD_LIBRARIES = YES;
				BUNDLE_LOADER = "$(TEST_HOST)";
				CODE_SIGN_STYLE = Automatic;
				INFOPLIST_FILE = AsuhTests/Info.plist;
				LD_RUNPATH_SEARCH_PATHS = "$(inherited) @executable_path/Frameworks @loader_path/Frameworks";
				PRODUCT_BUNDLE_IDENTIFIER = com.asuh.AsuhTests;
				PRODUCT_NAME = "$(TARGET_NAME)";
				SWIFT_VERSION = 4.0;
				TARGETED_DEVICE_FAMILY = "1,2";
				TEST_HOST = "$(BUILT_PRODUCTS_DIR)/Asuh.app/Asuh";
			};
			name = Debug;
		};
		63F8FBDF1FA93DA40074A078 /* Release */ = {
			isa = XCBuildConfiguration;
			buildSettings = {
				ALWAYS_EMBED_SWIFT_STANDARD_LIBRARIES = YES;
				BUNDLE_LOADER = "$(TEST_HOST)";
				CODE_SIGN_STYLE = Automatic;
				INFOPLIST_FILE = AsuhTests/Info.plist;
				LD_RUNPATH_SEARCH_PATHS = "$(inherited) @executable_path/Frameworks @loader_path/Frameworks";
				PRODUCT_BUNDLE_IDENTIFIER = com.asuh.AsuhTests;
				PRODUCT_NAME = "$(TARGET_NAME)";
				SWIFT_VERSION = 4.0;
				TARGETED_DEVICE_FAMILY = "1,2";
				TEST_HOST = "$(BUILT_PRODUCTS_DIR)/Asuh.app/Asuh";
			};
			name = Release;
		};
/* End XCBuildConfiguration section */

/* Begin XCConfigurationList section */
		63F8FBB81FA93DA40074A078 /* Build configuration list for PBXProject "Asuh" */ = {
			isa = XCConfigurationList;
			buildConfigurations = (
				63F8FBD81FA93DA40074A078 /* Debug */,
				63F8FBD91FA93DA40074A078 /* Release */,
			);
			defaultConfigurationIsVisible = 0;
			defaultConfigurationName = Release;
		};
		63F8FBDA1FA93DA40074A078 /* Build configuration list for PBXNativeTarget "Asuh" */ = {
			isa = XCConfigurationList;
			buildConfigurations = (
				63F8FBDB1FA93DA40074A078 /* Debug */,
				63F8FBDC1FA93DA40074A078 /* Release */,
			);
			defaultConfigurationIsVisible = 0;
			defaultConfigurationName = Release;
		};
		63F8FBDD1FA93DA40074A078 /* Build configuration list for PBXNativeTarget "AsuhTests" */ = {
			isa = XCConfigurationList;
			buildConfigurations = (
				63F8FBDE1FA93DA40074A078 /* Debug */,
				63F8FBDF1FA93DA40074A078 /* Release */,
			);
			defaultConfigurationIsVisible = 0;
			defaultConfigurationName = Release;
		};
/* End XCConfigurationList section */
	};
	rootObject = 63F8FBB51FA93DA40074A078 /* Project object */;
}
